
Microsoft Visual Studio Solution File, Format Version 11.00
# Visual Studio 2010
Project("{FAE04EC0-301F-11D3-BF4B-00C04F79EFBC}") = "MockServices.Server", "MockServices.Server\MockServices.Server.csproj", "{78CC8ED6-9F18-4FEA-BF64-EF8A19671FD2}"
EndProject
Project("{FAE04EC0-301F-11D3-BF4B-00C04F79EFBC}") = "MockService.SampleResponse", "MockService.SampleResponse\MockService.SampleResponse.csproj", "{EB7F0751-CA4F-45E9-99AE-420246738D4C}"
EndProject
Project("{FAE04EC0-301F-11D3-BF4B-00C04F79EFBC}") = "MockServices.Contracts", "MockServices.Contracts\MockServices.Contracts.csproj", "{53D83940-FA64-4D68-9E3E-EDC1D0938C01}"
EndProject
Project("{FAE04EC0-301F-11D3-BF4B-00C04F79EFBC}") = "MockServices.Server.Scenario2Test", "MockServices.Server.Scenario2Test\MockServices.Server.Scenario2Test.csproj", "{C72E00E7-C995-4B7C-9BEC-E09419D86382}"
EndProject
Global
	GlobalSection(SolutionConfigurationPlatforms) = preSolution
		Debug|Any CPU = Debug|Any CPU
		Debug|Mixed Platforms = Debug|Mixed Platforms
		Debug|x86 = Debug|x86
		Release|Any CPU = Release|Any CPU
		Release|Mixed Platforms = Release|Mixed Platforms
		Release|x86 = Release|x86
	EndGlobalSection
	GlobalSection(ProjectConfigurationPlatforms) = postSolution
		{78CC8ED6-9F18-4FEA-BF64-EF8A19671FD2}.Debug|Any CPU.ActiveCfg = Debug|x86
		{78CC8ED6-9F18-4FEA-BF64-EF8A19671FD2}.Debug|Mixed Platforms.ActiveCfg = Debug|x86
		{78CC8ED6-9F18-4FEA-BF64-EF8A19671FD2}.Debug|Mixed Platforms.Build.0 = Debug|x86
		{78CC8ED6-9F18-4FEA-BF64-EF8A19671FD2}.Debug|x86.ActiveCfg = Debug|x86
		{78CC8ED6-9F18-4FEA-BF64-EF8A19671FD2}.Debug|x86.Build.0 = Debug|x86
		{78CC8ED6-9F18-4FEA-BF64-EF8A19671FD2}.Release|Any CPU.ActiveCfg = Release|x86
		{78CC8ED6-9F18-4FEA-BF64-EF8A19671FD2}.Release|Mixed Platforms.ActiveCfg = Release|x86
		{78CC8ED6-9F18-4FEA-BF64-EF8A19671FD2}.Release|Mixed Platforms.Build.0 = Release|x86
		{78CC8ED6-9F18-4FEA-BF64-EF8A19671FD2}.Release|x86.ActiveCfg = Release|x86
		{78CC8ED6-9F18-4FEA-BF64-EF8A19671FD2}.Release|x86.Build.0 = Release|x86
		{EB7F0751-CA4F-45E9-99AE-420246738D4C}.Debug|Any CPU.ActiveCfg = Debug|Any CPU
		{EB7F0751-CA4F-45E9-99AE-420246738D4C}.Debug|Any CPU.Build.0 = Debug|Any CPU
		{EB7F0751-CA4F-45E9-99AE-420246738D4C}.Debug|Mixed Platforms.ActiveCfg = Debug|Any CPU
		{EB7F0751-CA4F-45E9-99AE-420246738D4C}.Debug|Mixed Platforms.Build.0 = Debug|Any CPU
		{EB7F0751-CA4F-45E9-99AE-420246738D4C}.Debug|x86.ActiveCfg = Debug|Any CPU
		{EB7F0751-CA4F-45E9-99AE-420246738D4C}.Release|Any CPU.ActiveCfg = Release|Any CPU
		{EB7F0751-CA4F-45E9-99AE-420246738D4C}.Release|Any CPU.Build.0 = Release|Any CPU
		{EB7F0751-CA4F-45E9-99AE-420246738D4C}.Release|Mixed Platforms.ActiveCfg = Release|Any CPU
		{EB7F0751-CA4F-45E9-99AE-420246738D4C}.Release|Mixed Platforms.Build.0 = Release|Any CPU
		{EB7F0751-CA4F-45E9-99AE-420246738D4C}.Release|x86.ActiveCfg = Release|Any CPU
		{53D83940-FA64-4D68-9E3E-EDC1D0938C01}.Debug|Any CPU.ActiveCfg = Debug|Any CPU
		{53D83940-FA64-4D68-9E3E-EDC1D0938C01}.Debug|Any CPU.Build.0 = Debug|Any CPU
		{53D83940-FA64-4D68-9E3E-EDC1D0938C01}.Debug|Mixed Platforms.ActiveCfg = Debug|Any CPU
		{53D83940-FA64-4D68-9E3E-EDC1D0938C01}.Debug|Mixed Platforms.Build.0 = Debug|Any CPU
		{53D83940-FA64-4D68-9E3E-EDC1D0938C01}.Debug|x86.ActiveCfg = Debug|Any CPU
		{53D83940-FA64-4D68-9E3E-EDC1D0938C01}.Release|Any CPU.ActiveCfg = Release|Any CPU
		{53D83940-FA64-4D68-9E3E-EDC1D0938C01}.Release|Any CPU.Build.0 = Release|Any CPU
		{53D83940-FA64-4D68-9E3E-EDC1D0938C01}.Release|Mixed Platforms.ActiveCfg = Release|Any CPU
		{53D83940-FA64-4D68-9E3E-EDC1D0938C01}.Release|Mixed Platforms.Build.0 = Release|Any CPU
		{53D83940-FA64-4D68-9E3E-EDC1D0938C01}.Release|x86.ActiveCfg = Release|Any CPU
		{C72E00E7-C995-4B7C-9BEC-E09419D86382}.Debug|Any CPU.ActiveCfg = Debug|Any CPU
		{C72E00E7-C995-4B7C-9BEC-E09419D86382}.Debug|Any CPU.Build.0 = Debug|Any CPU
		{C72E00E7-C995-4B7C-9BEC-E09419D86382}.Debug|Mixed Platforms.ActiveCfg = Debug|Any CPU
		{C72E00E7-C995-4B7C-9BEC-E09419D86382}.Debug|Mixed Platforms.Build.0 = Debug|Any CPU
		{C72E00E7-C995-4B7C-9BEC-E09419D86382}.Debug|x86.ActiveCfg = Debug|Any CPU
		{C72E00E7-C995-4B7C-9BEC-E09419D86382}.Release|Any CPU.ActiveCfg = Release|Any CPU
		{C72E00E7-C995-4B7C-9BEC-E09419D86382}.Release|Any CPU.Build.0 = Release|Any CPU
		{C72E00E7-C995-4B7C-9BEC-E09419D86382}.Release|Mixed Platforms.ActiveCfg = Release|Any CPU
		{C72E00E7-C995-4B7C-9BEC-E09419D86382}.Release|Mixed Platforms.Build.0 = Release|Any CPU
		{C72E00E7-C995-4B7C-9BEC-E09419D86382}.Release|x86.ActiveCfg = Release|Any CPU
	EndGlobalSection
	GlobalSection(SolutionProperties) = preSolution
		HideSolutionNode = FALSE
	EndGlobalSection
EndGlobal
